{
  "name": "node-oauth2-server-mongo-example",
  "version": "1.1.0",
  "lockfileVersion": 1,
  "requires": true,
  "dependencies": {
    "basic-auth": {
      "version": "2.0.1",
      "resolved": "https://registry.npmjs.org/basic-auth/-/basic-auth-2.0.1.tgz",
      "integrity": "sha512-NF+epuEdnUYVlGuhaxbbq+dvJttwLnGY+YixlXlME5KpQ5W3CnXA5cVTneY3SPbPDRkcjMbifrwmFYcClgOZeg==",
      "requires": {
        "safe-buffer": "5.1.2"
      }
    },
    "bluebird": {
      "version": "3.5.3",
      "resolved": "https://registry.npmjs.org/bluebird/-/bluebird-3.5.3.tgz",
      "integrity": "sha512-/qKPUQlaW1OyR51WeCPBvRnAlnZFUJkCSG5HzGnuIqhgyJtF+T94lFnn33eiazjRm2LAHVy2guNnaq48X9SJuw=="
    },
    "body-parser": {
      "version": "1.15.2",
      "resolved": "https://registry.npmjs.org/body-parser/-/body-parser-1.15.2.tgz",
      "integrity": "sha1-11eM9PHRHV9uqATO813Hp/9trmc=",
      "requires": {
        "bytes": "2.4.0",
        "content-type": "~1.0.2",
        "debug": "~2.2.0",
        "depd": "~1.1.0",
        "http-errors": "~1.5.0",
        "iconv-lite": "0.4.13",
        "on-finished": "~2.3.0",
        "qs": "6.2.0",
        "raw-body": "~2.1.7",
        "type-is": "~1.6.13"
      },
      "dependencies": {
        "bytes": {
          "version": "2.4.0",
          "resolved": "https://registry.npmjs.org/bytes/-/bytes-2.4.0.tgz",
          "integrity": "sha1-fZcZb51br39pNeJZhVSe3SpsIzk="
        },
        "content-type": {
          "version": "1.0.2",
          "resolved": "https://registry.npmjs.org/content-type/-/content-type-1.0.2.tgz",
          "integrity": "sha1-t9ETrueo3Se9IRM8TcJSnfFyHu0="
        },
        "debug": {
          "version": "2.2.0",
          "resolved": "https://registry.npmjs.org/debug/-/debug-2.2.0.tgz",
          "integrity": "sha1-+HBX6ZWxofauaklgZkE3vFbwOdo=",
          "requires": {
            "ms": "0.7.1"
          },
          "dependencies": {
            "ms": {
              "version": "0.7.1",
              "resolved": "https://registry.npmjs.org/ms/-/ms-0.7.1.tgz",
              "integrity": "sha1-nNE8A62/8ltl7/3nzoZO6VIBcJg="
            }
          }
        },
        "depd": {
          "version": "1.1.0",
          "resolved": "https://registry.npmjs.org/depd/-/depd-1.1.0.tgz",
          "integrity": "sha1-4b2Cxqq2ztlluXuIsX7T5SjKGMM="
        },
        "http-errors": {
          "version": "1.5.1",
          "resolved": "https://registry.npmjs.org/http-errors/-/http-errors-1.5.1.tgz",
          "integrity": "sha1-eIwNLB3iyBuebowBhDtrl+uSB1A=",
          "requires": {
            "inherits": "2.0.3",
            "setprototypeof": "1.0.2",
            "statuses": ">= 1.3.1 < 2"
          },
          "dependencies": {
            "inherits": {
              "version": "2.0.3",
              "resolved": "https://registry.npmjs.org/inherits/-/inherits-2.0.3.tgz",
              "integrity": "sha1-Yzwsg+PaQqUC9SRmAiSA9CCCYd4="
            },
            "setprototypeof": {
              "version": "1.0.2",
              "resolved": "https://registry.npmjs.org/setprototypeof/-/setprototypeof-1.0.2.tgz",
              "integrity": "sha1-gaVSFB7BBLiOic44MQOtXGZWTQg="
            },
            "statuses": {
              "version": "1.3.1",
              "resolved": "https://registry.npmjs.org/statuses/-/statuses-1.3.1.tgz",
              "integrity": "sha1-+vUbnrdKrvOzrPStX2Gr8ky3uT4="
            }
          }
        },
        "iconv-lite": {
          "version": "0.4.13",
          "resolved": "https://registry.npmjs.org/iconv-lite/-/iconv-lite-0.4.13.tgz",
          "integrity": "sha1-H4irpKsLFQjoMSrMOTRfNumS4vI="
        },
        "on-finished": {
          "version": "2.3.0",
          "resolved": "https://registry.npmjs.org/on-finished/-/on-finished-2.3.0.tgz",
          "integrity": "sha1-IPEzZIGwg811M3mSoWlxqi2QaUc=",
          "requires": {
            "ee-first": "1.1.1"
          },
          "dependencies": {
            "ee-first": {
              "version": "1.1.1",
              "resolved": "https://registry.npmjs.org/ee-first/-/ee-first-1.1.1.tgz",
              "integrity": "sha1-WQxhFWsK4vTwJVcyoViyZrxWsh0="
            }
          }
        },
        "qs": {
          "version": "6.2.0",
          "resolved": "https://registry.npmjs.org/qs/-/qs-6.2.0.tgz",
          "integrity": "sha1-O3hIwDwt7OaalSKw+ujEEm10Xzs="
        },
        "raw-body": {
          "version": "2.1.7",
          "resolved": "https://registry.npmjs.org/raw-body/-/raw-body-2.1.7.tgz",
          "integrity": "sha1-rf6s4uT7MJgFgBTQjActzFl1h3Q=",
          "requires": {
            "bytes": "2.4.0",
            "iconv-lite": "0.4.13",
            "unpipe": "1.0.0"
          },
          "dependencies": {
            "unpipe": {
              "version": "1.0.0",
              "resolved": "https://registry.npmjs.org/unpipe/-/unpipe-1.0.0.tgz",
              "integrity": "sha1-sr9O6FFKrmFltIF4KdIbLvSZBOw="
            }
          }
        },
        "type-is": {
          "version": "1.6.14",
          "resolved": "https://registry.npmjs.org/type-is/-/type-is-1.6.14.tgz",
          "integrity": "sha1-4hljnBfe0coHiQkt1UoDgmuBfLI=",
          "requires": {
            "media-typer": "0.3.0",
            "mime-types": "~2.1.13"
          },
          "dependencies": {
            "media-typer": {
              "version": "0.3.0",
              "resolved": "https://registry.npmjs.org/media-typer/-/media-typer-0.3.0.tgz",
              "integrity": "sha1-hxDXrwqmJvj/+hzgAWhUUmMlV0g="
            },
            "mime-types": {
              "version": "2.1.13",
              "resolved": "https://registry.npmjs.org/mime-types/-/mime-types-2.1.13.tgz",
              "integrity": "sha1-4HqqnGxrmnyjASxpADrSWjnpKog=",
              "requires": {
                "mime-db": "~1.25.0"
              },
              "dependencies": {
                "mime-db": {
                  "version": "1.25.0",
                  "resolved": "https://registry.npmjs.org/mime-db/-/mime-db-1.25.0.tgz",
                  "integrity": "sha1-wY29fHOl2/b0SgJNwNFloeexw5I="
                }
              }
            }
          }
        }
      }
    },
    "co-bluebird": {
      "version": "1.1.0",
      "resolved": "https://registry.npmjs.org/co-bluebird/-/co-bluebird-1.1.0.tgz",
      "integrity": "sha1-yLnzqTIKftMJh9zKGlw8/1llXHw=",
      "requires": {
        "bluebird": "^2.10.0",
        "co-use": "^1.1.0"
      },
      "dependencies": {
        "bluebird": {
          "version": "2.11.0",
          "resolved": "http://registry.npmjs.org/bluebird/-/bluebird-2.11.0.tgz",
          "integrity": "sha1-U0uQM8AiyVecVro7Plpcqvu2UOE="
        }
      }
    },
    "co-use": {
      "version": "1.1.0",
      "resolved": "https://registry.npmjs.org/co-use/-/co-use-1.1.0.tgz",
      "integrity": "sha1-xrs83xDLc17Kqdru2kbXJclKTmI="
    },
    "express": {
      "version": "4.14.0",
      "resolved": "https://registry.npmjs.org/express/-/express-4.14.0.tgz",
      "integrity": "sha1-we4/Qs3Ikfs9xlCoki1R7IR9DWY=",
      "requires": {
        "accepts": "~1.3.3",
        "array-flatten": "1.1.1",
        "content-disposition": "0.5.1",
        "content-type": "~1.0.2",
        "cookie": "0.3.1",
        "cookie-signature": "1.0.6",
        "debug": "~2.2.0",
        "depd": "~1.1.0",
        "encodeurl": "~1.0.1",
        "escape-html": "~1.0.3",
        "etag": "~1.7.0",
        "finalhandler": "0.5.0",
        "fresh": "0.3.0",
        "merge-descriptors": "1.0.1",
        "methods": "~1.1.2",
        "on-finished": "~2.3.0",
        "parseurl": "~1.3.1",
        "path-to-regexp": "0.1.7",
        "proxy-addr": "~1.1.2",
        "qs": "6.2.0",
        "range-parser": "~1.2.0",
        "send": "0.14.1",
        "serve-static": "~1.11.1",
        "type-is": "~1.6.13",
        "utils-merge": "1.0.0",
        "vary": "~1.1.0"
      },
      "dependencies": {
        "accepts": {
          "version": "1.3.3",
          "resolved": "https://registry.npmjs.org/accepts/-/accepts-1.3.3.tgz",
          "integrity": "sha1-w8p0NJOGSMPg2cHjKN1otiLChMo=",
          "requires": {
            "mime-types": "~2.1.11",
            "negotiator": "0.6.1"
          },
          "dependencies": {
            "mime-types": {
              "version": "2.1.13",
              "resolved": "https://registry.npmjs.org/mime-types/-/mime-types-2.1.13.tgz",
              "integrity": "sha1-4HqqnGxrmnyjASxpADrSWjnpKog=",
              "requires": {
                "mime-db": "~1.25.0"
              },
              "dependencies": {
                "mime-db": {
                  "version": "1.25.0",
                  "resolved": "https://registry.npmjs.org/mime-db/-/mime-db-1.25.0.tgz",
                  "integrity": "sha1-wY29fHOl2/b0SgJNwNFloeexw5I="
                }
              }
            },
            "negotiator": {
              "version": "0.6.1",
              "resolved": "https://registry.npmjs.org/negotiator/-/negotiator-0.6.1.tgz",
              "integrity": "sha1-KzJxhOiZIQEXeyhWP7XnECrNDKk="
            }
          }
        },
        "array-flatten": {
          "version": "1.1.1",
          "resolved": "https://registry.npmjs.org/array-flatten/-/array-flatten-1.1.1.tgz",
          "integrity": "sha1-ml9pkFGx5wczKPKgCJaLZOopVdI="
        },
        "content-disposition": {
          "version": "0.5.1",
          "resolved": "https://registry.npmjs.org/content-disposition/-/content-disposition-0.5.1.tgz",
          "integrity": "sha1-h0dsamfI2qh+Muh2Ft+IO6f7Bxs="
        },
        "content-type": {
          "version": "1.0.2",
          "resolved": "https://registry.npmjs.org/content-type/-/content-type-1.0.2.tgz",
          "integrity": "sha1-t9ETrueo3Se9IRM8TcJSnfFyHu0="
        },
        "cookie": {
          "version": "0.3.1",
          "resolved": "https://registry.npmjs.org/cookie/-/cookie-0.3.1.tgz",
          "integrity": "sha1-5+Ch+e9DtMi6klxcWpboBtFoc7s="
        },
        "cookie-signature": {
          "version": "1.0.6",
          "resolved": "https://registry.npmjs.org/cookie-signature/-/cookie-signature-1.0.6.tgz",
          "integrity": "sha1-4wOogrNCzD7oylE6eZmXNNqzriw="
        },
        "debug": {
          "version": "2.2.0",
          "resolved": "https://registry.npmjs.org/debug/-/debug-2.2.0.tgz",
          "integrity": "sha1-+HBX6ZWxofauaklgZkE3vFbwOdo=",
          "requires": {
            "ms": "0.7.1"
          },
          "dependencies": {
            "ms": {
              "version": "0.7.1",
              "resolved": "https://registry.npmjs.org/ms/-/ms-0.7.1.tgz",
              "integrity": "sha1-nNE8A62/8ltl7/3nzoZO6VIBcJg="
            }
          }
        },
        "depd": {
          "version": "1.1.0",
          "resolved": "https://registry.npmjs.org/depd/-/depd-1.1.0.tgz",
          "integrity": "sha1-4b2Cxqq2ztlluXuIsX7T5SjKGMM="
        },
        "encodeurl": {
          "version": "1.0.1",
          "resolved": "https://registry.npmjs.org/encodeurl/-/encodeurl-1.0.1.tgz",
          "integrity": "sha1-eePVhlU0aQn+bw9Fpd5oEDspTSA="
        },
        "escape-html": {
          "version": "1.0.3",
          "resolved": "https://registry.npmjs.org/escape-html/-/escape-html-1.0.3.tgz",
          "integrity": "sha1-Aljq5NPQwJdN4cFpGI7wBR0dGYg="
        },
        "etag": {
          "version": "1.7.0",
          "resolved": "https://registry.npmjs.org/etag/-/etag-1.7.0.tgz",
          "integrity": "sha1-A9MLX2fdbmMtKUXTDWZScxo01dg="
        },
        "finalhandler": {
          "version": "0.5.0",
          "resolved": "https://registry.npmjs.org/finalhandler/-/finalhandler-0.5.0.tgz",
          "integrity": "sha1-6VCKvs6bbbqHGmlCodeRG5GRGsc=",
          "requires": {
            "debug": "~2.2.0",
            "escape-html": "~1.0.3",
            "on-finished": "~2.3.0",
            "statuses": "~1.3.0",
            "unpipe": "~1.0.0"
          },
          "dependencies": {
            "statuses": {
              "version": "1.3.1",
              "resolved": "https://registry.npmjs.org/statuses/-/statuses-1.3.1.tgz",
              "integrity": "sha1-+vUbnrdKrvOzrPStX2Gr8ky3uT4="
            },
            "unpipe": {
              "version": "1.0.0",
              "resolved": "https://registry.npmjs.org/unpipe/-/unpipe-1.0.0.tgz",
              "integrity": "sha1-sr9O6FFKrmFltIF4KdIbLvSZBOw="
            }
          }
        },
        "fresh": {
          "version": "0.3.0",
          "resolved": "https://registry.npmjs.org/fresh/-/fresh-0.3.0.tgz",
          "integrity": "sha1-ZR+DjiJCTnVm3hYdg1jKoZn4PU8="
        },
        "merge-descriptors": {
          "version": "1.0.1",
          "resolved": "https://registry.npmjs.org/merge-descriptors/-/merge-descriptors-1.0.1.tgz",
          "integrity": "sha1-sAqqVW3YtEVoFQ7J0blT8/kMu2E="
        },
        "methods": {
          "version": "1.1.2",
          "resolved": "https://registry.npmjs.org/methods/-/methods-1.1.2.tgz",
          "integrity": "sha1-VSmk1nZUE07cxSZmVoNbD4Ua/O4="
        },
        "on-finished": {
          "version": "2.3.0",
          "resolved": "https://registry.npmjs.org/on-finished/-/on-finished-2.3.0.tgz",
          "integrity": "sha1-IPEzZIGwg811M3mSoWlxqi2QaUc=",
          "requires": {
            "ee-first": "1.1.1"
          },
          "dependencies": {
            "ee-first": {
              "version": "1.1.1",
              "resolved": "https://registry.npmjs.org/ee-first/-/ee-first-1.1.1.tgz",
              "integrity": "sha1-WQxhFWsK4vTwJVcyoViyZrxWsh0="
            }
          }
        },
        "parseurl": {
          "version": "1.3.1",
          "resolved": "https://registry.npmjs.org/parseurl/-/parseurl-1.3.1.tgz",
          "integrity": "sha1-yKuMkiO6NIiKpkopeyiFO+wY2lY="
        },
        "path-to-regexp": {
          "version": "0.1.7",
          "resolved": "https://registry.npmjs.org/path-to-regexp/-/path-to-regexp-0.1.7.tgz",
          "integrity": "sha1-32BBeABfUi8V60SQ5yR6G/qmf4w="
        },
        "proxy-addr": {
          "version": "1.1.2",
          "resolved": "https://registry.npmjs.org/proxy-addr/-/proxy-addr-1.1.2.tgz",
          "integrity": "sha1-tMxfImENlTWCTBI675089zxAujc=",
          "requires": {
            "forwarded": "~0.1.0",
            "ipaddr.js": "1.1.1"
          },
          "dependencies": {
            "forwarded": {
              "version": "0.1.0",
              "resolved": "https://registry.npmjs.org/forwarded/-/forwarded-0.1.0.tgz",
              "integrity": "sha1-Ge+YdMSuHCl7zweP3mOgm2aoQ2M="
            },
            "ipaddr.js": {
              "version": "1.1.1",
              "resolved": "https://registry.npmjs.org/ipaddr.js/-/ipaddr.js-1.1.1.tgz",
              "integrity": "sha1-x5HZX1KynBJH1d+AraObinNkcjA="
            }
          }
        },
        "qs": {
          "version": "6.2.0",
          "resolved": "https://registry.npmjs.org/qs/-/qs-6.2.0.tgz",
          "integrity": "sha1-O3hIwDwt7OaalSKw+ujEEm10Xzs="
        },
        "range-parser": {
          "version": "1.2.0",
          "resolved": "https://registry.npmjs.org/range-parser/-/range-parser-1.2.0.tgz",
          "integrity": "sha1-9JvmtIeJTdxA3MlKMi9hEJLgDV4="
        },
        "send": {
          "version": "0.14.1",
          "resolved": "https://registry.npmjs.org/send/-/send-0.14.1.tgz",
          "integrity": "sha1-qVSYQyU5L1FTKndgdg5FlZjIn3o=",
          "requires": {
            "debug": "~2.2.0",
            "depd": "~1.1.0",
            "destroy": "~1.0.4",
            "encodeurl": "~1.0.1",
            "escape-html": "~1.0.3",
            "etag": "~1.7.0",
            "fresh": "0.3.0",
            "http-errors": "~1.5.0",
            "mime": "1.3.4",
            "ms": "0.7.1",
            "on-finished": "~2.3.0",
            "range-parser": "~1.2.0",
            "statuses": "~1.3.0"
          },
          "dependencies": {
            "destroy": {
              "version": "1.0.4",
              "resolved": "https://registry.npmjs.org/destroy/-/destroy-1.0.4.tgz",
              "integrity": "sha1-l4hXRCxEdJ5CBmE+N5RiBYJqvYA="
            },
            "http-errors": {
              "version": "1.5.1",
              "resolved": "https://registry.npmjs.org/http-errors/-/http-errors-1.5.1.tgz",
              "integrity": "sha1-eIwNLB3iyBuebowBhDtrl+uSB1A=",
              "requires": {
                "inherits": "2.0.3",
                "setprototypeof": "1.0.2",
                "statuses": ">= 1.3.1 < 2"
              },
              "dependencies": {
                "inherits": {
                  "version": "2.0.3",
                  "resolved": "https://registry.npmjs.org/inherits/-/inherits-2.0.3.tgz",
                  "integrity": "sha1-Yzwsg+PaQqUC9SRmAiSA9CCCYd4="
                },
                "setprototypeof": {
                  "version": "1.0.2",
                  "resolved": "https://registry.npmjs.org/setprototypeof/-/setprototypeof-1.0.2.tgz",
                  "integrity": "sha1-gaVSFB7BBLiOic44MQOtXGZWTQg="
                }
              }
            },
            "mime": {
              "version": "1.3.4",
              "resolved": "https://registry.npmjs.org/mime/-/mime-1.3.4.tgz",
              "integrity": "sha1-EV+eO2s9rylZmDyzjxSaLUDrXVM="
            },
            "ms": {
              "version": "0.7.1",
              "resolved": "https://registry.npmjs.org/ms/-/ms-0.7.1.tgz",
              "integrity": "sha1-nNE8A62/8ltl7/3nzoZO6VIBcJg="
            },
            "statuses": {
              "version": "1.3.1",
              "resolved": "https://registry.npmjs.org/statuses/-/statuses-1.3.1.tgz",
              "integrity": "sha1-+vUbnrdKrvOzrPStX2Gr8ky3uT4="
            }
          }
        },
        "serve-static": {
          "version": "1.11.1",
          "resolved": "https://registry.npmjs.org/serve-static/-/serve-static-1.11.1.tgz",
          "integrity": "sha1-1sznaTUF9zPHWd5Xvvwa92wPCAU=",
          "requires": {
            "encodeurl": "~1.0.1",
            "escape-html": "~1.0.3",
            "parseurl": "~1.3.1",
            "send": "0.14.1"
          }
        },
        "type-is": {
          "version": "1.6.14",
          "resolved": "https://registry.npmjs.org/type-is/-/type-is-1.6.14.tgz",
          "integrity": "sha1-4hljnBfe0coHiQkt1UoDgmuBfLI=",
          "requires": {
            "media-typer": "0.3.0",
            "mime-types": "~2.1.13"
          },
          "dependencies": {
            "media-typer": {
              "version": "0.3.0",
              "resolved": "https://registry.npmjs.org/media-typer/-/media-typer-0.3.0.tgz",
              "integrity": "sha1-hxDXrwqmJvj/+hzgAWhUUmMlV0g="
            },
            "mime-types": {
              "version": "2.1.13",
              "resolved": "https://registry.npmjs.org/mime-types/-/mime-types-2.1.13.tgz",
              "integrity": "sha1-4HqqnGxrmnyjASxpADrSWjnpKog=",
              "requires": {
                "mime-db": "~1.25.0"
              },
              "dependencies": {
                "mime-db": {
                  "version": "1.25.0",
                  "resolved": "https://registry.npmjs.org/mime-db/-/mime-db-1.25.0.tgz",
                  "integrity": "sha1-wY29fHOl2/b0SgJNwNFloeexw5I="
                }
              }
            }
          }
        },
        "utils-merge": {
          "version": "1.0.0",
          "resolved": "https://registry.npmjs.org/utils-merge/-/utils-merge-1.0.0.tgz",
          "integrity": "sha1-ApT7kiu5N1FTVBxPcJYjHyh8ivg="
        },
        "vary": {
          "version": "1.1.0",
          "resolved": "https://registry.npmjs.org/vary/-/vary-1.1.0.tgz",
          "integrity": "sha1-4eWv+70WrnaN0mdDlLmtMCJlMUA="
        }
      }
    },
    "is-generator": {
      "version": "1.0.3",
      "resolved": "https://registry.npmjs.org/is-generator/-/is-generator-1.0.3.tgz",
      "integrity": "sha1-wUwhBX7TbjKNuANHlmxpP4hjifM="
    },
    "lodash": {
      "version": "4.17.11",
      "resolved": "https://registry.npmjs.org/lodash/-/lodash-4.17.11.tgz",
      "integrity": "sha512-cQKh8igo5QUhZ7lg38DYWAxMvjSAKG0A8wGSVimP07SIUEK2UO+arSRKbRZWtelMtN5V0Hkwh5ryOto/SshYIg=="
    },
    "media-typer": {
      "version": "0.3.0",
      "resolved": "http://registry.npmjs.org/media-typer/-/media-typer-0.3.0.tgz",
      "integrity": "sha1-hxDXrwqmJvj/+hzgAWhUUmMlV0g="
    },
    "mime-db": {
      "version": "1.37.0",
      "resolved": "https://registry.npmjs.org/mime-db/-/mime-db-1.37.0.tgz",
      "integrity": "sha512-R3C4db6bgQhlIhPU48fUtdVmKnflq+hRdad7IyKhtFj06VPNVdk2RhiYL3UjQIlso8L+YxAtFkobT0VK+S/ybg=="
    },
    "mime-types": {
      "version": "2.1.21",
      "resolved": "https://registry.npmjs.org/mime-types/-/mime-types-2.1.21.tgz",
      "integrity": "sha512-3iL6DbwpyLzjR3xHSFNFeb9Nz/M8WDkX33t1GFQnFOllWk8pOrh/LSrB5OXlnlW5P9LH73X6loW/eogc+F5lJg==",
      "requires": {
        "mime-db": "~1.37.0"
      }
    },
    "mongoose": {
      "version": "4.7.2",
      "resolved": "https://registry.npmjs.org/mongoose/-/mongoose-4.7.2.tgz",
      "integrity": "sha1-6O0GNTyRgWm+yIbNwMIHepNoL6o=",
      "requires": {
        "async": "2.1.4",
        "bson": "~0.5.4",
        "hooks-fixed": "1.2.0",
        "kareem": "1.1.3",
        "mongodb": "2.2.12",
        "mpath": "0.2.1",
        "mpromise": "0.5.5",
        "mquery": "2.0.0",
        "ms": "0.7.2",
        "muri": "1.1.1",
        "regexp-clone": "0.0.1",
        "sliced": "1.0.1"
      },
      "dependencies": {
        "async": {
          "version": "2.1.4",
          "resolved": "https://registry.npmjs.org/async/-/async-2.1.4.tgz",
          "integrity": "sha1-LSFgx3iAMuTdbL4lAvH5osj2zeQ=",
          "requires": {
            "lodash": "^4.14.0"
          },
          "dependencies": {
            "lodash": {
              "version": "4.17.2",
              "resolved": "https://registry.npmjs.org/lodash/-/lodash-4.17.2.tgz",
              "integrity": "sha1-NKMFW6vgTOQkZ7YH1wAHLH/2v0I="
            }
          }
        },
        "bson": {
          "version": "0.5.7",
          "resolved": "https://registry.npmjs.org/bson/-/bson-0.5.7.tgz",
          "integrity": "sha1-DRH+CTbB/uAp4R9wY/XQqyQi6j4="
        },
        "hooks-fixed": {
          "version": "1.2.0",
          "resolved": "https://registry.npmjs.org/hooks-fixed/-/hooks-fixed-1.2.0.tgz",
          "integrity": "sha1-DSdy1NfWhf+SRHJKnwtbJVmqyWs="
        },
        "kareem": {
          "version": "1.1.3",
          "resolved": "https://registry.npmjs.org/kareem/-/kareem-1.1.3.tgz",
          "integrity": "sha1-CHdhDYh5w42mLR26/eThfyaS8EE="
        },
        "mongodb": {
          "version": "2.2.12",
          "resolved": "https://registry.npmjs.org/mongodb/-/mongodb-2.2.12.tgz",
          "integrity": "sha1-KobxAij5EenW/v29fZIhiNe3MPk=",
          "requires": {
            "es6-promise": "3.2.1",
            "mongodb-core": "2.0.14",
            "readable-stream": "2.1.5"
          },
          "dependencies": {
            "es6-promise": {
              "version": "3.2.1",
              "resolved": "https://registry.npmjs.org/es6-promise/-/es6-promise-3.2.1.tgz",
              "integrity": "sha1-7FYjOGgDKQkgcXDDlEjiREndH8Q="
            },
            "mongodb-core": {
              "version": "2.0.14",
              "resolved": "https://registry.npmjs.org/mongodb-core/-/mongodb-core-2.0.14.tgz",
              "integrity": "sha1-TodDuHND0WmnYiU17b1H3KzXkL4=",
              "requires": {
                "bson": "~0.5.7",
                "require_optional": "~1.0.0"
              },
              "dependencies": {
                "require_optional": {
                  "version": "1.0.0",
                  "resolved": "https://registry.npmjs.org/require_optional/-/require_optional-1.0.0.tgz",
                  "integrity": "sha1-UqhhN6hJco62ClVTNhf4+RT1mr8=",
                  "requires": {
                    "resolve-from": "^2.0.0",
                    "semver": "^5.1.0"
                  },
                  "dependencies": {
                    "resolve-from": {
                      "version": "2.0.0",
                      "resolved": "https://registry.npmjs.org/resolve-from/-/resolve-from-2.0.0.tgz",
                      "integrity": "sha1-lICrIOlP+h2egKgEx+oUdhGWa1c="
                    },
                    "semver": {
                      "version": "5.3.0",
                      "resolved": "https://registry.npmjs.org/semver/-/semver-5.3.0.tgz",
                      "integrity": "sha1-myzl094C0XxgEq0yaqa00M9U+U8="
                    }
                  }
                }
              }
            },
            "readable-stream": {
              "version": "2.1.5",
              "resolved": "https://registry.npmjs.org/readable-stream/-/readable-stream-2.1.5.tgz",
              "integrity": "sha1-ZvqLcg4UOLNkaB8q0aY8YYRIydA=",
              "requires": {
                "buffer-shims": "^1.0.0",
                "core-util-is": "~1.0.0",
                "inherits": "~2.0.1",
                "isarray": "~1.0.0",
                "process-nextick-args": "~1.0.6",
                "string_decoder": "~0.10.x",
                "util-deprecate": "~1.0.1"
              },
              "dependencies": {
                "buffer-shims": {
                  "version": "1.0.0",
                  "resolved": "https://registry.npmjs.org/buffer-shims/-/buffer-shims-1.0.0.tgz",
                  "integrity": "sha1-mXjOMXOIxkmth5MCjDR37wRKi1E="
                },
                "core-util-is": {
                  "version": "1.0.2",
                  "resolved": "https://registry.npmjs.org/core-util-is/-/core-util-is-1.0.2.tgz",
                  "integrity": "sha1-tf1UIgqivFq1eqtxQMlAdUUDwac="
                },
                "inherits": {
                  "version": "2.0.3",
                  "resolved": "https://registry.npmjs.org/inherits/-/inherits-2.0.3.tgz",
                  "integrity": "sha1-Yzwsg+PaQqUC9SRmAiSA9CCCYd4="
                },
                "isarray": {
                  "version": "1.0.0",
                  "resolved": "https://registry.npmjs.org/isarray/-/isarray-1.0.0.tgz",
                  "integrity": "sha1-u5NdSFgsuhaMBoNJV6VKPgcSTxE="
                },
                "process-nextick-args": {
                  "version": "1.0.7",
                  "resolved": "https://registry.npmjs.org/process-nextick-args/-/process-nextick-args-1.0.7.tgz",
                  "integrity": "sha1-FQ4gt1ZZCtP5EJPyWk8q2L/zC6M="
                },
                "string_decoder": {
                  "version": "0.10.31",
                  "resolved": "https://registry.npmjs.org/string_decoder/-/string_decoder-0.10.31.tgz",
                  "integrity": "sha1-YuIDvEF2bGwoyfyEMB2rHFMQ+pQ="
                },
                "util-deprecate": {
                  "version": "1.0.2",
                  "resolved": "https://registry.npmjs.org/util-deprecate/-/util-deprecate-1.0.2.tgz",
                  "integrity": "sha1-RQ1Nyfpw3nMnYvvS1KKJgUGaDM8="
                }
              }
            }
          }
        },
        "mpath": {
          "version": "0.2.1",
          "resolved": "https://registry.npmjs.org/mpath/-/mpath-0.2.1.tgz",
          "integrity": "sha1-Ok6Ck1mAHeljCcJ6ay4QLon56W4="
        },
        "mpromise": {
          "version": "0.5.5",
          "resolved": "https://registry.npmjs.org/mpromise/-/mpromise-0.5.5.tgz",
          "integrity": "sha1-9bJCWddjrMIlewoMjG2Gb9UXMuY="
        },
        "mquery": {
          "version": "2.0.0",
          "resolved": "https://registry.npmjs.org/mquery/-/mquery-2.0.0.tgz",
          "integrity": "sha1-tavIULkN/8PhCuSbS256R5dS3yI=",
          "requires": {
            "bluebird": "2.10.2",
            "debug": "2.2.0",
            "regexp-clone": "0.0.1",
            "sliced": "0.0.5"
          },
          "dependencies": {
            "bluebird": {
              "version": "2.10.2",
              "resolved": "https://registry.npmjs.org/bluebird/-/bluebird-2.10.2.tgz",
              "integrity": "sha1-AkpVFylTCIV/FPkfEQb8O1VfRGs="
            },
            "debug": {
              "version": "2.2.0",
              "resolved": "https://registry.npmjs.org/debug/-/debug-2.2.0.tgz",
              "integrity": "sha1-+HBX6ZWxofauaklgZkE3vFbwOdo=",
              "requires": {
                "ms": "0.7.1"
              },
              "dependencies": {
                "ms": {
                  "version": "0.7.1",
                  "resolved": "https://registry.npmjs.org/ms/-/ms-0.7.1.tgz",
                  "integrity": "sha1-nNE8A62/8ltl7/3nzoZO6VIBcJg="
                }
              }
            },
            "sliced": {
              "version": "0.0.5",
              "resolved": "https://registry.npmjs.org/sliced/-/sliced-0.0.5.tgz",
              "integrity": "sha1-XtwETKTrb3gW1Qui/GPiXY/kcH8="
            }
          }
        },
        "ms": {
          "version": "0.7.2",
          "resolved": "https://registry.npmjs.org/ms/-/ms-0.7.2.tgz",
          "integrity": "sha1-riXPJRKziFodldfwN4aNhDESR2U="
        },
        "muri": {
          "version": "1.1.1",
          "resolved": "https://registry.npmjs.org/muri/-/muri-1.1.1.tgz",
          "integrity": "sha1-ZL2QTq+P+JYAyZREH608UZWQWsI="
        },
        "regexp-clone": {
          "version": "0.0.1",
          "resolved": "https://registry.npmjs.org/regexp-clone/-/regexp-clone-0.0.1.tgz",
          "integrity": "sha1-p8LgmJH9vzj7sQ03b7cwA+aKxYk="
        },
        "sliced": {
          "version": "1.0.1",
          "resolved": "https://registry.npmjs.org/sliced/-/sliced-1.0.1.tgz",
          "integrity": "sha1-CzpmK10Ewxd7GSa+qCsD+Dei70E="
        }
      }
    },
    "oauth2-server": {
      "version": "3.0.1",
      "resolved": "https://registry.npmjs.org/oauth2-server/-/oauth2-server-3.0.1.tgz",
      "integrity": "sha512-LFAT4MeTaOgdW+b8YMVMsPhJ8LrbSfVkYZRPgRmELJEJoXcchb/L4b9/lEmgpeNtjH8PlFiqof+YwI+y/oJuOg==",
      "requires": {
        "basic-auth": "^2.0.0",
        "bluebird": "^3.5.1",
        "lodash": "^4.17.10",
        "promisify-any": "^2.0.1",
        "statuses": "^1.5.0",
        "type-is": "^1.6.16"
      }
    },
    "promisify-any": {
      "version": "2.0.1",
      "resolved": "https://registry.npmjs.org/promisify-any/-/promisify-any-2.0.1.tgz",
      "integrity": "sha1-QD4AqIE/F1JCq1D+M6afjuzkcwU=",
      "requires": {
        "bluebird": "^2.10.0",
        "co-bluebird": "^1.1.0",
        "is-generator": "^1.0.2"
      },
      "dependencies": {
        "bluebird": {
          "version": "2.11.0",
          "resolved": "http://registry.npmjs.org/bluebird/-/bluebird-2.11.0.tgz",
          "integrity": "sha1-U0uQM8AiyVecVro7Plpcqvu2UOE="
        }
      }
    },
    "safe-buffer": {
      "version": "5.1.2",
      "resolved": "https://registry.npmjs.org/safe-buffer/-/safe-buffer-5.1.2.tgz",
      "integrity": "sha512-Gd2UZBJDkXlY7GbJxfsE8/nvKkUEU1G38c1siN6QP6a9PT9MmHB8GnpscSmMJSoF8LOIrt8ud/wPtojys4G6+g=="
    },
    "statuses": {
      "version": "1.5.0",
      "resolved": "https://registry.npmjs.org/statuses/-/statuses-1.5.0.tgz",
      "integrity": "sha1-Fhx9rBd2Wf2YEfQ3cfqZOBR4Yow="
    },
    "type-is": {
      "version": "1.6.16",
      "resolved": "https://registry.npmjs.org/type-is/-/type-is-1.6.16.tgz",
      "integrity": "sha512-HRkVv/5qY2G6I8iab9cI7v1bOIdhm94dVjQCPFElW9W+3GeDOSHmy2EBYe4VTApuzolPcmgFTN3ftVJRKR2J9Q==",
      "requires": {
        "media-typer": "0.3.0",
        "mime-types": "~2.1.18"
      }
    }
  }
}
